
Microsoft Visual Studio Solution File, Format Version 12.00
# Visual Studio Version 16
VisualStudioVersion = 16.0.30413.136
MinimumVisualStudioVersion = 10.0.40219.1
Project("{FAE04EC0-301F-11D3-BF4B-00C04F79EFBC}") = "TjuvOchPolis", "TjuvOchPolis\TjuvOchPolis.csproj", "{6407E6BC-FD53-47A2-92F3-A34F60D73912}"
EndProject
Global
	GlobalSection(SolutionConfigurationPlatforms) = preSolution
		Debug|Any CPU = Debug|Any CPU
		Release|Any CPU = Release|Any CPU
	EndGlobalSection
	GlobalSection(ProjectConfigurationPlatforms) = postSolution
		{6407E6BC-FD53-47A2-92F3-A34F60D73912}.Debug|Any CPU.ActiveCfg = Debug|Any CPU
		{6407E6BC-FD53-47A2-92F3-A34F60D73912}.Debug|Any CPU.Build.0 = Debug|Any CPU
		{6407E6BC-FD53-47A2-92F3-A34F60D73912}.Release|Any CPU.ActiveCfg = Release|Any CPU
		{6407E6BC-FD53-47A2-92F3-A34F60D73912}.Release|Any CPU.Build.0 = Release|Any CPU
	EndGlobalSection
	GlobalSection(SolutionProperties) = preSolution
		HideSolutionNode = FALSE
	EndGlobalSection
	GlobalSection(ExtensibilityGlobals) = postSolution
		SolutionGuid = {C4CF9F4C-EF79-44D6-BB1F-22F7F4CBF329}
	EndGlobalSection
EndGlobal
